Microsoft Visual Studio Solution File, Format Version 11.00
# Visual Studio 2008

Project("{4A662084-4A4E-478D-650C-DA1D849B658F}") = "Drop-Off", "Assembly-CSharp.csproj", "{73F99C6F-175E-8484-2654-3499E650F540}"
EndProject
Global
	GlobalSection(SolutionConfigurationPlatforms) = preSolution
		Debug|Any CPU = Debug|Any CPU
		Release|Any CPU = Release|Any CPU
	EndGlobalSection
	GlobalSection(ProjectConfigurationPlatforms) = postSolution
		{73F99C6F-175E-8484-2654-3499E650F540}.Debug|Any CPU.ActiveCfg = Debug|Any CPU
		{73F99C6F-175E-8484-2654-3499E650F540}.Debug|Any CPU.Build.0 = Debug|Any CPU
		{73F99C6F-175E-8484-2654-3499E650F540}.Release|Any CPU.ActiveCfg = Release|Any CPU
		{73F99C6F-175E-8484-2654-3499E650F540}.Release|Any CPU.Build.0 = Release|Any CPU
	EndGlobalSection
	GlobalSection(SolutionProperties) = preSolution
		HideSolutionNode = FALSE
	EndGlobalSection
																		GlobalSection(MonoDevelopProperties) = preSolution
		StartupItem = Assembly-CSharp.csproj
		Policies = $0
		$0.TextStylePolicy = $1
		$1.inheritsSet = null
		$1.scope = text/x-csharp
		$0.CSharpFormattingPolicy = $2
		$2.inheritsSet = Mono
		$2.inheritsScope = text/x-csharp
		$2.scope = text/x-csharp
		$0.TextStylePolicy = $3
		$3.FileWidth = 120
		$3.TabWidth = 4
		$3.IndentWidth = 4
		$3.EolMarker = Unix
		$3.inheritsSet = Mono
		$3.inheritsScope = text/plain
		$3.scope = text/plain
	EndGlobalSection

EndGlobal
